{
    "_readme": [
        "This file locks the dependencies of your project to a known state",
        "Read more about it at https://getcomposer.org/doc/01-basic-usage.md#composer-lock-the-lock-file",
        "This file is @generated automatically"
    ],
    "content-hash": "c2e259a7e0c53c55b5cca3d9ebc0e88b",
    "packages": [
        {
            "name": "drupal/console-extend-example",
            "version": "0.2.0",
            "source": {
                "type": "git",
                "url": "https://github.com/hechoendrupal/drupal-console-extend-example.git",
                "reference": "2eddd46992e7019162387bac80b045ce45f4fdc3"
            },
            "dist": {
                "type": "zip",
                "url": "https://api.github.com/repos/hechoendrupal/drupal-console-extend-example/zipball/2eddd46992e7019162387bac80b045ce45f4fdc3",
                "reference": "2eddd46992e7019162387bac80b045ce45f4fdc3",
                "shasum": ""
            },
            "require-dev": {
                "drupal/console-core": "~1.0"
            },
            "type": "drupal-console-library",
            "autoload": {
                "psr-4": {
                    "Drupal\\Console\\ExtendExample\\": "src"
                }
            },
            "notification-url": "https://packagist.org/downloads/",
            "license": [
                "GPL-2.0+"
            ],
            "authors": [
                {
                    "name": "Jesus Manuel Olivas",
                    "email": "jesus.olivas@gmail.com"
                }
            ],
            "description": "Drupal Console library extend example",
            "time": "2017-02-14T04:59:22+00:00"
        },
        {
            "name": "drupal/console-extend-plugin",
            "version": "0.4.0",
            "source": {
                "type": "git",
                "url": "https://github.com/hechoendrupal/drupal-console-extend-plugin.git",
                "reference": "df2396782960335d18a8e5eb6ab630a37ca5f493"
            },
            "dist": {
                "type": "zip",
                "url": "https://api.github.com/repos/hechoendrupal/drupal-console-extend-plugin/zipball/df2396782960335d18a8e5eb6ab630a37ca5f493",
                "reference": "df2396782960335d18a8e5eb6ab630a37ca5f493",
                "shasum": ""
            },
            "require": {
                "composer-plugin-api": "^1.0",
                "symfony/finder": ">=2.7 <3.0",
                "symfony/yaml": ">=2.7 <3.0"
            },
            "type": "composer-plugin",
            "extra": {
                "class": "Drupal\\Console\\Composer\\Plugin\\Extender"
            },
            "autoload": {
                "psr-4": {
                    "Drupal\\Console\\Composer\\Plugin\\": "src"
                }
            },
            "notification-url": "https://packagist.org/downloads/",
            "license": [
                "GPL-2.0+"
            ],
            "authors": [
                {
                    "name": "Jesus Manuel Olivas",
                    "email": "jesus.olivas@gmail.com"
                }
            ],
            "description": "Drupal Console Extend Plugin",
            "time": "2017-02-14T08:38:49+00:00"
        },
        {
            "name": "symfony/finder",
            "version": "v2.8.17",
            "source": {
                "type": "git",
                "url": "https://github.com/symfony/finder.git",
                "reference": "355fccac526522dc5fca8ecf0e62749a149f3b8b"
            },
            "dist": {
                "type": "zip",
                "url": "https://api.github.com/repos/symfony/finder/zipball/355fccac526522dc5fca8ecf0e62749a149f3b8b",
                "reference": "355fccac526522dc5fca8ecf0e62749a149f3b8b",
                "shasum": ""
            },
            "require": {
                "php": ">=5.3.9"
            },
            "type": "library",
            "extra": {
                "branch-alias": {
                    "dev-master": "2.8-dev"
                }
            },
            "autoload": {
                "psr-4": {
                    "Symfony\\Component\\Finder\\": ""
                },
                "exclude-from-classmap": [
                    "/Tests/"
                ]
            },
            "notification-url": "https://packagist.org/downloads/",
            "license": [
                "MIT"
            ],
            "authors": [
                {
                    "name": "Fabien Potencier",
                    "email": "fabien@symfony.com"
                },
                {
                    "name": "Symfony Community",
                    "homepage": "https://symfony.com/contributors"
                }
            ],
            "description": "Symfony Finder Component",
            "homepage": "https://symfony.com",
            "time": "2017-01-02T20:30:24+00:00"
        },
        {
            "name": "symfony/yaml",
            "version": "v2.8.17",
            "source": {
                "type": "git",
                "url": "https://github.com/symfony/yaml.git",
                "reference": "322a8c2dfbca15ad6b1b27e182899f98ec0e0153"
            },
            "dist": {
                "type": "zip",
                "url": "https://api.github.com/repos/symfony/yaml/zipball/322a8c2dfbca15ad6b1b27e182899f98ec0e0153",
                "reference": "322a8c2dfbca15ad6b1b27e182899f98ec0e0153",
                "shasum": ""
            },
            "require": {
                "php": ">=5.3.9"
            },
            "type": "library",
            "extra": {
                "branch-alias": {
                    "dev-master": "2.8-dev"
                }
            },
            "autoload": {
                "psr-4": {
                    "Symfony\\Component\\Yaml\\": ""
                },
                "exclude-from-classmap": [
                    "/Tests/"
                ]
            },
            "notification-url": "https://packagist.org/downloads/",
            "license": [
                "MIT"
            ],
            "authors": [
                {
                    "name": "Fabien Potencier",
                    "email": "fabien@symfony.com"
                },
                {
                    "name": "Symfony Community",
                    "homepage": "https://symfony.com/contributors"
                }
            ],
            "description": "Symfony Yaml Component",
            "homepage": "https://symfony.com",
            "time": "2017-01-21T16:40:50+00:00"
        }
    ],
    "packages-dev": [],
    "aliases": [],
    "minimum-stability": "dev",
    "stability-flags": [],
    "prefer-stable": true,
    "prefer-lowest": false,
    "platform": [],
    "platform-dev": []
}
